
Microsoft Visual Studio Solution File, Format Version 12.00
# Visual Studio Version 17
VisualStudioVersion = 17.0.32112.339
MinimumVisualStudioVersion = 10.0.40219.1
Project("{2150E333-8FDC-42A3-9474-1A3956D46DE8}") = "Example", "Example", "{C4B2F816-E7E3-4E94-873E-05FA4A21B851}"
EndProject
Project("{2150E333-8FDC-42A3-9474-1A3956D46DE8}") = "Src", "Src", "{0EBCAD65-57E6-4D2C-B4DF-14650DD395A6}"
EndProject
Project("{9A19103F-16F7-4668-BE54-9A1E7A4F7556}") = "Design.Aspnet.JsPlugin", "Src\Design.Aspnet.JsPlugin\Design.Aspnet.JsPlugin.csproj", "{8AED0088-BF27-4F72-8094-312C8FBB603D}"
EndProject
Project("{2150E333-8FDC-42A3-9474-1A3956D46DE8}") = "Solution Items", "Solution Items", "{7D474F09-BE71-45DF-9E23-46A156761588}"
	ProjectSection(SolutionItems) = preProject
		README.md = README.md
	EndProjectSection
EndProject
Project("{9A19103F-16F7-4668-BE54-9A1E7A4F7556}") = "Example.Razor.WebApp", "Example\Example.Razor.WebApp\Example.Razor.WebApp.csproj", "{0E25CE60-D9C8-4912-8153-9EFF793957E5}"
EndProject
Global
	GlobalSection(SolutionConfigurationPlatforms) = preSolution
		Debug|Any CPU = Debug|Any CPU
		Release|Any CPU = Release|Any CPU
	EndGlobalSection
	GlobalSection(ProjectConfigurationPlatforms) = postSolution
		{8AED0088-BF27-4F72-8094-312C8FBB603D}.Debug|Any CPU.ActiveCfg = Debug|Any CPU
		{8AED0088-BF27-4F72-8094-312C8FBB603D}.Debug|Any CPU.Build.0 = Debug|Any CPU
		{8AED0088-BF27-4F72-8094-312C8FBB603D}.Release|Any CPU.ActiveCfg = Release|Any CPU
		{8AED0088-BF27-4F72-8094-312C8FBB603D}.Release|Any CPU.Build.0 = Release|Any CPU
		{0E25CE60-D9C8-4912-8153-9EFF793957E5}.Debug|Any CPU.ActiveCfg = Debug|Any CPU
		{0E25CE60-D9C8-4912-8153-9EFF793957E5}.Debug|Any CPU.Build.0 = Debug|Any CPU
		{0E25CE60-D9C8-4912-8153-9EFF793957E5}.Release|Any CPU.ActiveCfg = Release|Any CPU
		{0E25CE60-D9C8-4912-8153-9EFF793957E5}.Release|Any CPU.Build.0 = Release|Any CPU
	EndGlobalSection
	GlobalSection(SolutionProperties) = preSolution
		HideSolutionNode = FALSE
	EndGlobalSection
	GlobalSection(NestedProjects) = preSolution
		{8AED0088-BF27-4F72-8094-312C8FBB603D} = {0EBCAD65-57E6-4D2C-B4DF-14650DD395A6}
		{0E25CE60-D9C8-4912-8153-9EFF793957E5} = {C4B2F816-E7E3-4E94-873E-05FA4A21B851}
	EndGlobalSection
	GlobalSection(ExtensibilityGlobals) = postSolution
		SolutionGuid = {E5D9E09A-E0AF-4D82-A534-AD7F85F58F3D}
	EndGlobalSection
EndGlobal
